
Microsoft Visual Studio Solution File, Format Version 12.00
# Visual Studio 2012
Project("{FAE04EC0-301F-11D3-BF4B-00C04F79EFBC}") = "GraphDrawing", "GraphDrawing\GraphDrawing.csproj", "{70B835AA-A229-44AF-A728-95970F3DCFF9}"
EndProject
Project("{FAE04EC0-301F-11D3-BF4B-00C04F79EFBC}") = "GraphDrawing.Test", "GraphDrawing.Test\GraphDrawing.Test.csproj", "{D2F0753C-E858-4CE8-AF27-05AD4EBB7BAF}"
EndProject
Global
	GlobalSection(SolutionConfigurationPlatforms) = preSolution
		Debug|Any CPU = Debug|Any CPU
		Release|Any CPU = Release|Any CPU
	EndGlobalSection
	GlobalSection(ProjectConfigurationPlatforms) = postSolution
		{70B835AA-A229-44AF-A728-95970F3DCFF9}.Debug|Any CPU.ActiveCfg = Debug|Any CPU
		{70B835AA-A229-44AF-A728-95970F3DCFF9}.Debug|Any CPU.Build.0 = Debug|Any CPU
		{70B835AA-A229-44AF-A728-95970F3DCFF9}.Release|Any CPU.ActiveCfg = Release|Any CPU
		{70B835AA-A229-44AF-A728-95970F3DCFF9}.Release|Any CPU.Build.0 = Release|Any CPU
		{D2F0753C-E858-4CE8-AF27-05AD4EBB7BAF}.Debug|Any CPU.ActiveCfg = Debug|Any CPU
		{D2F0753C-E858-4CE8-AF27-05AD4EBB7BAF}.Debug|Any CPU.Build.0 = Debug|Any CPU
		{D2F0753C-E858-4CE8-AF27-05AD4EBB7BAF}.Release|Any CPU.ActiveCfg = Release|Any CPU
		{D2F0753C-E858-4CE8-AF27-05AD4EBB7BAF}.Release|Any CPU.Build.0 = Release|Any CPU
	EndGlobalSection
	GlobalSection(SolutionProperties) = preSolution
		HideSolutionNode = FALSE
	EndGlobalSection
EndGlobal
